
Microsoft Visual Studio Solution File, Format Version 12.00
# Visual Studio Version 17
VisualStudioVersion = 17.8.34408.163
MinimumVisualStudioVersion = 10.0.40219.1
Project("{FAE04EC0-301F-11D3-BF4B-00C04F79EFBC}") = "question 02", "question 02\question 02.csproj", "{E848137B-AB61-4FC2-8FA4-14553AFCD92A}"
EndProject
Global
	GlobalSection(SolutionConfigurationPlatforms) = preSolution
		Debug|Any CPU = Debug|Any CPU
		Release|Any CPU = Release|Any CPU
	EndGlobalSection
	GlobalSection(ProjectConfigurationPlatforms) = postSolution
		{E848137B-AB61-4FC2-8FA4-14553AFCD92A}.Debug|Any CPU.ActiveCfg = Debug|Any CPU
		{E848137B-AB61-4FC2-8FA4-14553AFCD92A}.Debug|Any CPU.Build.0 = Debug|Any CPU
		{E848137B-AB61-4FC2-8FA4-14553AFCD92A}.Release|Any CPU.ActiveCfg = Release|Any CPU
		{E848137B-AB61-4FC2-8FA4-14553AFCD92A}.Release|Any CPU.Build.0 = Release|Any CPU
	EndGlobalSection
	GlobalSection(SolutionProperties) = preSolution
		HideSolutionNode = FALSE
	EndGlobalSection
	GlobalSection(ExtensibilityGlobals) = postSolution
		SolutionGuid = {8592F658-154A-451D-9E74-0C621A61F7E8}
	EndGlobalSection
EndGlobal
